hash: d367128c5493f63a9bc1b9b9a7b436130dd2f9c951e40641c5dfbc3399373cfc
updated: 2018-08-07T08:34:32.893045039Z
imports:
- name: github.com/davecgh/go-spew
  version: 8991bc29aa16c548c550c7ff78260e27b9ab7c73
  subpackages:
  - spew
- name: github.com/eapache/go-resiliency
  version: ea41b0fad31007accc7f806884dcdf3da98b79ce
  subpackages:
  - breaker
- name: github.com/eapache/go-xerial-snappy
  version: bb955e01b9346ac19dc29eb16586c90ded99a98c
- name: github.com/eapache/queue
  version: 093482f3f8ce946c05bcba64badd2c82369e084d
- name: github.com/golang/snappy
  version: 553a641470496b2327abcac10b36396bd98e45c9
- name: github.com/pierrec/lz4
  version: 6b9367c9ff401dbc54fabce3fb8d972e799b702d
  subpackages:
  - internal/xxh32
- name: github.com/rcrowley/go-metrics
  version: e2704e165165ec55d062f5919b4b29494e9fa790
- name: github.com/Shopify/sarama
  version: 35324cf48e33d8260e1c7c18854465a904ade249
testImports: []
